// !$*UTF8*$!
{
	archiveVersion = 1;
	classes = {
	};
	objectVersion = 46;
	objects = {

/* Begin PBXBuildFile section */
		7ADB840E1D2B11FE000FDD54 /* AppDelegate.swift in Sources */ = {isa = PBXBuildFile; fileRef = 7ADB840D1D2B11FE000FDD54 /* AppDelegate.swift */; };
		7ADB84101D2B11FE000FDD54 /* ViewController.swift in Sources */ = {isa = PBXBuildFile; fileRef = 7ADB840F1D2B11FE000FDD54 /* ViewController.swift */; };
		7ADB84131D2B11FE000FDD54 /* Main.storyboard in Resources */ = {isa = PBXBuildFile; fileRef = 7ADB84111D2B11FE000FDD54 /* Main.storyboard */; };
		7ADB84161D2B11FE000FDD54 /* GradingApp.xcdatamodeld in Sources */ = {isa = PBXBuildFile; fileRef = 7ADB84141D2B11FE000FDD54 /* GradingApp.xcdatamodeld */; };
		7ADB84181D2B11FE000FDD54 /* Assets.xcassets in Resources */ = {isa = PBXBuildFile; fileRef = 7ADB84171D2B11FE000FDD54 /* Assets.xcassets */; };
		7ADB841B1D2B11FE000FDD54 /* LaunchScreen.storyboard in Resources */ = {isa = PBXBuildFile; fileRef = 7ADB84191D2B11FE000FDD54 /* LaunchScreen.storyboard */; };
		7ADB84231D2B1381000FDD54 /* ClassesTableViewController.swift in Sources */ = {isa = PBXBuildFile; fileRef = 7ADB84221D2B1381000FDD54 /* ClassesTableViewController.swift */; };
		7ADB84271D2B1555000FDD54 /* GradingClass.swift in Sources */ = {isa = PBXBuildFile; fileRef = 7ADB84261D2B1555000FDD54 /* GradingClass.swift */; };
		7ADB84291D2B1602000FDD54 /* Student.swift in Sources */ = {isa = PBXBuildFile; fileRef = 7ADB84281D2B1602000FDD54 /* Student.swift */; };
/* End PBXBuildFile section */

/* Begin PBXFileReference section */
		7ADB840A1D2B11FE000FDD54 /* GradingApp.app */ = {isa = PBXFileReference; explicitFileType = wrapper.application; includeInIndex = 0; path = GradingApp.app; sourceTree = BUILT_PRODUCTS_DIR; };
		7ADB840D1D2B11FE000FDD54 /* AppDelegate.swift */ = {isa = PBXFileReference; lastKnownFileType = sourcecode.swift; path = AppDelegate.swift; sourceTree = "<group>"; };
		7ADB840F1D2B11FE000FDD54 /* ViewController.swift */ = {isa = PBXFileReference; lastKnownFileType = sourcecode.swift; path = ViewController.swift; sourceTree = "<group>"; };
		7ADB84121D2B11FE000FDD54 /* Base */ = {isa = PBXFileReference; lastKnownFileType = file.storyboard; name = Base; path = Base.lproj/Main.storyboard; sourceTree = "<group>"; };
		7ADB84151D2B11FE000FDD54 /* GradingApp.xcdatamodel */ = {isa = PBXFileReference; lastKnownFileType = wrapper.xcdatamodel; path = GradingApp.xcdatamodel; sourceTree = "<group>"; };
		7ADB84171D2B11FE000FDD54 /* Assets.xcassets */ = {isa = PBXFileReference; lastKnownFileType = folder.assetcatalog; path = Assets.xcassets; sourceTree = "<group>"; };
		7ADB841A1D2B11FE000FDD54 /* Base */ = {isa = PBXFileReference; lastKnownFileType = file.storyboard; name = Base; path = Base.lproj/LaunchScreen.storyboard; sourceTree = "<group>"; };
		7ADB841C1D2B11FE000FDD54 /* Info.plist */ = {isa = PBXFileReference; lastKnownFileType = text.plist.xml; path = Info.plist; sourceTree = "<group>"; };
		7ADB84221D2B1381000FDD54 /* ClassesTableViewController.swift */ = {isa = PBXFileReference; fileEncoding = 4; lastKnownFileType = sourcecode.swift; path = ClassesTableViewController.swift; sourceTree = "<group>"; };
		7ADB84261D2B1555000FDD54 /* GradingClass.swift */ = {isa = PBXFileReference; fileEncoding = 4; lastKnownFileType = sourcecode.swift; path = GradingClass.swift; sourceTree = "<group>"; };
		7ADB84281D2B1602000FDD54 /* Student.swift */ = {isa = PBXFileReference; fileEncoding = 4; lastKnownFileType = sourcecode.swift; path = Student.swift; sourceTree = "<group>"; };
/* End PBXFileReference section */

/* Begin PBXFrameworksBuildPhase section */
		7ADB84071D2B11FE000FDD54 /* Frameworks */ = {
			isa = PBXFrameworksBuildPhase;
			buildActionMask = 2147483647;
			files = (
			);
			runOnlyForDeploymentPostprocessing = 0;
		};
/* End PBXFrameworksBuildPhase section */

/* Begin PBXGroup section */
		7ADB84011D2B11FE000FDD54 = {
			isa = PBXGroup;
			children = (
				7ADB840C1D2B11FE000FDD54 /* GradingApp */,
				7ADB840B1D2B11FE000FDD54 /* Products */,
			);
			sourceTree = "<group>";
		};
		7ADB840B1D2B11FE000FDD54 /* Products */ = {
			isa = PBXGroup;
			children = (
				7ADB840A1D2B11FE000FDD54 /* GradingApp.app */,
			);
			name = Products;
			sourceTree = "<group>";
		};
		7ADB840C1D2B11FE000FDD54 /* GradingApp */ = {
			isa = PBXGroup;
			children = (
				7ADB840D1D2B11FE000FDD54 /* AppDelegate.swift */,
				7ADB840F1D2B11FE000FDD54 /* ViewController.swift */,
				7ADB84111D2B11FE000FDD54 /* Main.storyboard */,
				7ADB84171D2B11FE000FDD54 /* Assets.xcassets */,
				7ADB84191D2B11FE000FDD54 /* LaunchScreen.storyboard */,
				7ADB841C1D2B11FE000FDD54 /* Info.plist */,
				7ADB84141D2B11FE000FDD54 /* GradingApp.xcdatamodeld */,
				7ADB84221D2B1381000FDD54 /* ClassesTableViewController.swift */,
				7ADB84261D2B1555000FDD54 /* GradingClass.swift */,
				7ADB84281D2B1602000FDD54 /* Student.swift */,
			);
			path = GradingApp;
			sourceTree = "<group>";
		};
/* End PBXGroup section */

/* Begin PBXNativeTarget section */
		7ADB84091D2B11FE000FDD54 /* GradingApp */ = {
			isa = PBXNativeTarget;
			buildConfigurationList = 7ADB841F1D2B11FE000FDD54 /* Build configuration list for PBXNativeTarget "GradingApp" */;
			buildPhases = (
				7ADB84061D2B11FE000FDD54 /* Sources */,
				7ADB84071D2B11FE000FDD54 /* Frameworks */,
				7ADB84081D2B11FE000FDD54 /* Resources */,
			);
			buildRules = (
			);
			dependencies = (
			);
			name = GradingApp;
			productName = GradingApp;
			productReference = 7ADB840A1D2B11FE000FDD54 /* GradingApp.app */;
			productType = "com.apple.product-type.application";
		};
/* End PBXNativeTarget section */

/* Begin PBXProject section */
		7ADB84021D2B11FE000FDD54 /* Project object */ = {
			isa = PBXProject;
			attributes = {
				LastSwiftUpdateCheck = 0730;
				LastUpgradeCheck = 0730;
				ORGANIZATIONNAME = "George Bogodukhov";
				TargetAttributes = {
					7ADB84091D2B11FE000FDD54 = {
						CreatedOnToolsVersion = 7.3.1;
					};
				};
			};
			buildConfigurationList = 7ADB84051D2B11FE000FDD54 /* Build configuration list for PBXProject "GradingApp" */;
			compatibilityVersion = "Xcode 3.2";
			developmentRegion = English;
			hasScannedForEncodings = 0;
			knownRegions = (
				en,
				Base,
			);
			mainGroup = 7ADB84011D2B11FE000FDD54;
			productRefGroup = 7ADB840B1D2B11FE000FDD54 /* Products */;
			projectDirPath = "";
			projectRoot = "";
			targets = (
				7ADB84091D2B11FE000FDD54 /* GradingApp */,
			);
		};
/* End PBXProject section */

/* Begin PBXResourcesBuildPhase section */
		7ADB84081D2B11FE000FDD54 /* Resources */ = {
			isa = PBXResourcesBuildPhase;
			buildActionMask = 2147483647;
			files = (
				7ADB841B1D2B11FE000FDD54 /* LaunchScreen.storyboard in Resources */,
				7ADB84181D2B11FE000FDD54 /* Assets.xcassets in Resources */,
				7ADB84131D2B11FE000FDD54 /* Main.storyboard in Resources */,
			);
			runOnlyForDeploymentPostprocessing = 0;
		};
/* End PBXResourcesBuildPhase section */

/* Begin PBXSourcesBuildPhase section */
		7ADB84061D2B11FE000FDD54 /* Sources */ = {
			isa = PBXSourcesBuildPhase;
			buildActionMask = 2147483647;
			files = (
				7ADB84231D2B1381000FDD54 /* ClassesTableViewController.swift in Sources */,
				7ADB84291D2B1602000FDD54 /* Student.swift in Sources */,
				7ADB84161D2B11FE000FDD54 /* GradingApp.xcdatamodeld in Sources */,
				7ADB84101D2B11FE000FDD54 /* ViewController.swift in Sources */,
				7ADB840E1D2B11FE000FDD54 /* AppDelegate.swift in Sources */,
				7ADB84271D2B1555000FDD54 /* GradingClass.swift in Sources */,
			);
			runOnlyForDeploymentPostprocessing = 0;
		};
/* End PBXSourcesBuildPhase section */

/* Begin PBXVariantGroup section */
		7ADB84111D2B11FE000FDD54 /* Main.storyboard */ = {
			isa = PBXVariantGroup;
			children = (
				7ADB84121D2B11FE000FDD54 /* Base */,
			);
			name = Main.storyboard;
			sourceTree = "<group>";
		};
		7ADB84191D2B11FE000FDD54 /* LaunchScreen.storyboard */ = {
			isa = PBXVariantGroup;
			children = (
				7ADB841A1D2B11FE000FDD54 /* Base */,
			);
			name = LaunchScreen.storyboard;
			sourceTree = "<group>";
		};
/* End PBXVariantGroup section */

/* Begin XCBuildConfiguration section */
		7ADB841D1D2B11FE000FDD54 /* Debug */ = {
			isa = XCBuildConfiguration;
			buildSettings = {
				ALWAYS_SEARCH_USER_PATHS = NO;
				CLANG_ANALYZER_NONNULL = YES;
				CLANG_CXX_LANGUAGE_STANDARD = "gnu++0x";
				CLANG_CXX_LIBRARY = "libc++";
				CLANG_ENABLE_MODULES = YES;
				CLANG_ENABLE_OBJC_ARC = YES;
				CLANG_WARN_BOOL_CONVERSION = YES;
				CLANG_WARN_CONSTANT_CONVERSION = YES;
				CLANG_WARN_DIRECT_OBJC_ISA_USAGE = YES_ERROR;
				CLANG_WARN_EMPTY_BODY = YES;
				CLANG_WARN_ENUM_CONVERSION = YES;
				CLANG_WARN_INT_CONVERSION = YES;
				CLANG_WARN_OBJC_ROOT_CLASS = YES_ERROR;
				CLANG_WARN_UNREACHABLE_CODE = YES;
				CLANG_WARN__DUPLICATE_METHOD_MATCH = YES;
				"CODE_SIGN_IDENTITY[sdk=iphoneos*]" = "iPhone Developer";
				COPY_PHASE_STRIP = NO;
				DEBUG_INFORMATION_FORMAT = dwarf;
				ENABLE_STRICT_OBJC_MSGSEND = YES;
				ENABLE_TESTABILITY = YES;
				GCC_C_LANGUAGE_STANDARD = gnu99;
				GCC_DYNAMIC_NO_PIC = NO;
				GCC_NO_COMMON_BLOCKS = YES;
				GCC_OPTIMIZATION_LEVEL = 0;
				GCC_PREPROCESSOR_DEFINITIONS = (
					"DEBUG=1",
					"$(inherited)",
				);
				GCC_WARN_64_TO_32_BIT_CONVERSION = YES;
				GCC_WARN_ABOUT_RETURN_TYPE = YES_ERROR;
				GCC_WARN_UNDECLARED_SELECTOR = YES;
				GCC_WARN_UNINITIALIZED_AUTOS = YES_AGGRESSIVE;
				GCC_WARN_UNUSED_FUNCTION = YES;
				GCC_WARN_UNUSED_VARIABLE = YES;
				IPHONEOS_DEPLOYMENT_TARGET = 9.3;
				MTL_ENABLE_DEBUG_INFO = YES;
				ONLY_ACTIVE_ARCH = YES;
				SDKROOT = iphoneos;
				SWIFT_OPTIMIZATION_LEVEL = "-Onone";
				TARGETED_DEVICE_FAMILY = "1,2";
			};
			name = Debug;
		};
		7ADB841E1D2B11FE000FDD54 /* Release */ = {
			isa = XCBuildConfiguration;
			buildSettings = {
				ALWAYS_SEARCH_USER_PATHS = NO;
				CLANG_ANALYZER_NONNULL = YES;
				CLANG_CXX_LANGUAGE_STANDARD = "gnu++0x";
				CLANG_CXX_LIBRARY = "libc++";
				CLANG_ENABLE_MODULES = YES;
				CLANG_ENABLE_OBJC_ARC = YES;
				CLANG_WARN_BOOL_CONVERSION = YES;
				CLANG_WARN_CONSTANT_CONVERSION = YES;
				CLANG_WARN_DIRECT_OBJC_ISA_USAGE = YES_ERROR;
				CLANG_WARN_EMPTY_BODY = YES;
				CLANG_WARN_ENUM_CONVERSION = YES;
				CLANG_WARN_INT_CONVERSION = YES;
				CLANG_WARN_OBJC_ROOT_CLASS = YES_ERROR;
				CLANG_WARN_UNREACHABLE_CODE = YES;
				CLANG_WARN__DUPLICATE_METHOD_MATCH = YES;
				"CODE_SIGN_IDENTITY[sdk=iphoneos*]" = "iPhone Developer";
				COPY_PHASE_STRIP = NO;
				DEBUG_INFORMATION_FORMAT = "dwarf-with-dsym";
				ENABLE_NS_ASSERTIONS = NO;
				ENABLE_STRICT_OBJC_MSGSEND = YES;
				GCC_C_LANGUAGE_STANDARD = gnu99;
				GCC_NO_COMMON_BLOCKS = YES;
				GCC_WARN_64_TO_32_BIT_CONVERSION = YES;
				GCC_WARN_ABOUT_RETURN_TYPE = YES_ERROR;
				GCC_WARN_UNDECLARED_SELECTOR = YES;
				GCC_WARN_UNINITIALIZED_AUTOS = YES_AGGRESSIVE;
				GCC_WARN_UNUSED_FUNCTION = YES;
				GCC_WARN_UNUSED_VARIABLE = YES;
				IPHONEOS_DEPLOYMENT_TARGET = 9.3;
				MTL_ENABLE_DEBUG_INFO = NO;
				SDKROOT = iphoneos;
				TARGETED_DEVICE_FAMILY = "1,2";
				VALIDATE_PRODUCT = YES;
			};
			name = Release;
		};
		7ADB84201D2B11FE000FDD54 /* Debug */ = {
			isa = XCBuildConfiguration;
			buildSettings = {
				ASSETCATALOG_COMPILER_APPICON_NAME = AppIcon;
				INFOPLIST_FILE = GradingApp/Info.plist;
				LD_RUNPATH_SEARCH_PATHS = "$(inherited) @executable_path/Frameworks";
				PRODUCT_BUNDLE_IDENTIFIER = com.gvbgduh.GradingApp;
				PRODUCT_NAME = "$(TARGET_NAME)";
			};
			name = Debug;
		};
		7ADB84211D2B11FE000FDD54 /* Release */ = {
			isa = XCBuildConfiguration;
			buildSettings = {
				ASSETCATALOG_COMPILER_APPICON_NAME = AppIcon;
				INFOPLIST_FILE = GradingApp/Info.plist;
				LD_RUNPATH_SEARCH_PATHS = "$(inherited) @executable_path/Frameworks";
				PRODUCT_BUNDLE_IDENTIFIER = com.gvbgduh.GradingApp;
				PRODUCT_NAME = "$(TARGET_NAME)";
			};
			name = Release;
		};
/* End XCBuildConfiguration section */

/* Begin XCConfigurationList section */
		7ADB84051D2B11FE000FDD54 /* Build configuration list for PBXProject "GradingApp" */ = {
			isa = XCConfigurationList;
			buildConfigurations = (
				7ADB841D1D2B11FE000FDD54 /* Debug */,
				7ADB841E1D2B11FE000FDD54 /* Release */,
			);
			defaultConfigurationIsVisible = 0;
			defaultConfigurationName = Release;
		};
		7ADB841F1D2B11FE000FDD54 /* Build configuration list for PBXNativeTarget "GradingApp" */ = {
			isa = XCConfigurationList;
			buildConfigurations = (
				7ADB84201D2B11FE000FDD54 /* Debug */,
				7ADB84211D2B11FE000FDD54 /* Release */,
			);
			defaultConfigurationIsVisible = 0;
		};
/* End XCConfigurationList section */

/* Begin XCVersionGroup section */
		7ADB84141D2B11FE000FDD54 /* GradingApp.xcdatamodeld */ = {
			isa = XCVersionGroup;
			children = (
				7ADB84151D2B11FE000FDD54 /* GradingApp.xcdatamodel */,
			);
			currentVersion = 7ADB84151D2B11FE000FDD54 /* GradingApp.xcdatamodel */;
			path = GradingApp.xcdatamodeld;
			sourceTree = "<group>";
			versionGroupType = wrapper.xcdatamodel;
		};
/* End XCVersionGroup section */
	};
	rootObject = 7ADB84021D2B11FE000FDD54 /* Project object */;
}
